
Microsoft Visual Studio Solution File, Format Version 12.00
# Visual Studio 15
VisualStudioVersion = 15.0.26020.0
MinimumVisualStudioVersion = 10.0.40219.1
Project("{FAE04EC0-301F-11D3-BF4B-00C04F79EFBC}") = "CPTS350--HW5", "CPTS350--HW5\CPTS350--HW5.csproj", "{12747721-423C-4031-B8FE-8FD5773EEB89}"
EndProject
Global
	GlobalSection(SolutionConfigurationPlatforms) = preSolution
		Debug|Any CPU = Debug|Any CPU
		Release|Any CPU = Release|Any CPU
	EndGlobalSection
	GlobalSection(ProjectConfigurationPlatforms) = postSolution
		{12747721-423C-4031-B8FE-8FD5773EEB89}.Debug|Any CPU.ActiveCfg = Debug|Any CPU
		{12747721-423C-4031-B8FE-8FD5773EEB89}.Debug|Any CPU.Build.0 = Debug|Any CPU
		{12747721-423C-4031-B8FE-8FD5773EEB89}.Release|Any CPU.ActiveCfg = Release|Any CPU
		{12747721-423C-4031-B8FE-8FD5773EEB89}.Release|Any CPU.Build.0 = Release|Any CPU
	EndGlobalSection
	GlobalSection(SolutionProperties) = preSolution
		HideSolutionNode = FALSE
	EndGlobalSection
EndGlobal
