
Microsoft Visual Studio Solution File, Format Version 12.00
# Visual Studio 15
VisualStudioVersion = 15.0.26020.0
MinimumVisualStudioVersion = 10.0.40219.1
Project("{FAE04EC0-301F-11D3-BF4B-00C04F79EFBC}") = "WinForms", "WinForms\WinForms.csproj", "{C36E2E35-8407-46D3-B8F8-8944139F14AA}"
EndProject
Global
	GlobalSection(SolutionConfigurationPlatforms) = preSolution
		Debug|Any CPU = Debug|Any CPU
		Release|Any CPU = Release|Any CPU
	EndGlobalSection
	GlobalSection(ProjectConfigurationPlatforms) = postSolution
		{C36E2E35-8407-46D3-B8F8-8944139F14AA}.Debug|Any CPU.ActiveCfg = Debug|Any CPU
		{C36E2E35-8407-46D3-B8F8-8944139F14AA}.Debug|Any CPU.Build.0 = Debug|Any CPU
		{C36E2E35-8407-46D3-B8F8-8944139F14AA}.Release|Any CPU.ActiveCfg = Release|Any CPU
		{C36E2E35-8407-46D3-B8F8-8944139F14AA}.Release|Any CPU.Build.0 = Release|Any CPU
	EndGlobalSection
	GlobalSection(SolutionProperties) = preSolution
		HideSolutionNode = FALSE
	EndGlobalSection
EndGlobal
